
Microsoft Visual Studio Solution File, Format Version 12.00
# Visual Studio Version 17
VisualStudioVersion = 17.3.32901.215
MinimumVisualStudioVersion = 10.0.40219.1
Project("{FAE04EC0-301F-11D3-BF4B-00C04F79EFBC}") = "Conectando", "Conectando\Conectando.csproj", "{9849D080-8BA0-4BC8-8E13-D699FD406D6E}"
EndProject
Global
	GlobalSection(SolutionConfigurationPlatforms) = preSolution
		Debug|Any CPU = Debug|Any CPU
		Release|Any CPU = Release|Any CPU
	EndGlobalSection
	GlobalSection(ProjectConfigurationPlatforms) = postSolution
		{9849D080-8BA0-4BC8-8E13-D699FD406D6E}.Debug|Any CPU.ActiveCfg = Debug|Any CPU
		{9849D080-8BA0-4BC8-8E13-D699FD406D6E}.Debug|Any CPU.Build.0 = Debug|Any CPU
		{9849D080-8BA0-4BC8-8E13-D699FD406D6E}.Release|Any CPU.ActiveCfg = Release|Any CPU
		{9849D080-8BA0-4BC8-8E13-D699FD406D6E}.Release|Any CPU.Build.0 = Release|Any CPU
	EndGlobalSection
	GlobalSection(SolutionProperties) = preSolution
		HideSolutionNode = FALSE
	EndGlobalSection
	GlobalSection(ExtensibilityGlobals) = postSolution
		SolutionGuid = {42CFC90A-776E-41D2-A1E9-752B57ED1027}
	EndGlobalSection
EndGlobal
